
Microsoft Visual Studio Solution File, Format Version 12.00
# Visual Studio Version 17
VisualStudioVersion = 17.13.35825.156 d17.13
MinimumVisualStudioVersion = 10.0.40219.1
Project("{FAE04EC0-301F-11D3-BF4B-00C04F79EFBC}") = "Academy.ServiceLocatorPattern.PL", "Academy.ServiceLocatorPattern.PL\Academy.ServiceLocatorPattern.PL.csproj", "{444044E0-8C93-4780-9EC5-29434883167F}"
EndProject
Project("{FAE04EC0-301F-11D3-BF4B-00C04F79EFBC}") = "Academy.ServiceLocatorPattern.BL", "Academy.ServiceLocatorPattern.BL\Academy.ServiceLocatorPattern.BL.csproj", "{DDC9CDE6-B80F-449C-85A8-96AD8875C8A5}"
EndProject
Global
	GlobalSection(SolutionConfigurationPlatforms) = preSolution
		Debug|Any CPU = Debug|Any CPU
		Release|Any CPU = Release|Any CPU
	EndGlobalSection
	GlobalSection(ProjectConfigurationPlatforms) = postSolution
		{444044E0-8C93-4780-9EC5-29434883167F}.Debug|Any CPU.ActiveCfg = Debug|Any CPU
		{444044E0-8C93-4780-9EC5-29434883167F}.Debug|Any CPU.Build.0 = Debug|Any CPU
		{444044E0-8C93-4780-9EC5-29434883167F}.Release|Any CPU.ActiveCfg = Release|Any CPU
		{444044E0-8C93-4780-9EC5-29434883167F}.Release|Any CPU.Build.0 = Release|Any CPU
		{DDC9CDE6-B80F-449C-85A8-96AD8875C8A5}.Debug|Any CPU.ActiveCfg = Debug|Any CPU
		{DDC9CDE6-B80F-449C-85A8-96AD8875C8A5}.Debug|Any CPU.Build.0 = Debug|Any CPU
		{DDC9CDE6-B80F-449C-85A8-96AD8875C8A5}.Release|Any CPU.ActiveCfg = Release|Any CPU
		{DDC9CDE6-B80F-449C-85A8-96AD8875C8A5}.Release|Any CPU.Build.0 = Release|Any CPU
	EndGlobalSection
	GlobalSection(SolutionProperties) = preSolution
		HideSolutionNode = FALSE
	EndGlobalSection
	GlobalSection(ExtensibilityGlobals) = postSolution
		SolutionGuid = {F4E2EF27-EB97-4CDF-9AB4-96D979CA7993}
	EndGlobalSection
EndGlobal
